// !$*UTF8*$!
{
	archiveVersion = 1;
	classes = {
	};
	objectVersion = 46;
	objects = {

/* Begin PBXBuildFile section */
		7418F1571B63172000C3BB4C /* AppDelegate.swift in Sources */ = {isa = PBXBuildFile; fileRef = 7418F1561B63172000C3BB4C /* AppDelegate.swift */; };
		7418F1591B63172000C3BB4C /* ViewController.swift in Sources */ = {isa = PBXBuildFile; fileRef = 7418F1581B63172000C3BB4C /* ViewController.swift */; };
		7418F15C1B63172000C3BB4C /* Main.storyboard in Resources */ = {isa = PBXBuildFile; fileRef = 7418F15A1B63172000C3BB4C /* Main.storyboard */; };
		7418F15E1B63172000C3BB4C /* Images.xcassets in Resources */ = {isa = PBXBuildFile; fileRef = 7418F15D1B63172000C3BB4C /* Images.xcassets */; };
		7418F1611B63172000C3BB4C /* LaunchScreen.xib in Resources */ = {isa = PBXBuildFile; fileRef = 7418F15F1B63172000C3BB4C /* LaunchScreen.xib */; };
		7418F16D1B63172000C3BB4C /* memeTests.swift in Sources */ = {isa = PBXBuildFile; fileRef = 7418F16C1B63172000C3BB4C /* memeTests.swift */; };
		7418F1771B63176800C3BB4C /* MEMELib.framework in Frameworks */ = {isa = PBXBuildFile; fileRef = 7418F1761B63176800C3BB4C /* MEMELib.framework */; };
		7418F1791B63179300C3BB4C /* MEMELib.framework in CopyFiles */ = {isa = PBXBuildFile; fileRef = 7418F1761B63176800C3BB4C /* MEMELib.framework */; settings = {ATTRIBUTES = (CodeSignOnCopy, RemoveHeadersOnCopy, ); }; };
		92423DD1F75CAEB24E7CC572 /* Pods_meme.framework in Frameworks */ = {isa = PBXBuildFile; fileRef = 06ADA91CA8D5198E3931BF74 /* Pods_meme.framework */; settings = {ATTRIBUTES = (Weak, ); }; };
/* End PBXBuildFile section */

/* Begin PBXContainerItemProxy section */
		7418F1671B63172000C3BB4C /* PBXContainerItemProxy */ = {
			isa = PBXContainerItemProxy;
			containerPortal = 7418F1491B63172000C3BB4C /* Project object */;
			proxyType = 1;
			remoteGlobalIDString = 7418F1501B63172000C3BB4C;
			remoteInfo = meme;
		};
/* End PBXContainerItemProxy section */

/* Begin PBXCopyFilesBuildPhase section */
		7418F1781B63178D00C3BB4C /* CopyFiles */ = {
			isa = PBXCopyFilesBuildPhase;
			buildActionMask = 2147483647;
			dstPath = "";
			dstSubfolderSpec = 10;
			files = (
				7418F1791B63179300C3BB4C /* MEMELib.framework in CopyFiles */,
			);
			runOnlyForDeploymentPostprocessing = 0;
		};
/* End PBXCopyFilesBuildPhase section */

/* Begin PBXFileReference section */
		06ADA91CA8D5198E3931BF74 /* Pods_meme.framework */ = {isa = PBXFileReference; explicitFileType = wrapper.framework; includeInIndex = 0; path = Pods_meme.framework; sourceTree = BUILT_PRODUCTS_DIR; };
		487C41C26010B094D1D8DD02 /* Pods-meme.release.xcconfig */ = {isa = PBXFileReference; includeInIndex = 1; lastKnownFileType = text.xcconfig; name = "Pods-meme.release.xcconfig"; path = "Pods/Target Support Files/Pods-meme/Pods-meme.release.xcconfig"; sourceTree = "<group>"; };
		7418F1511B63172000C3BB4C /* meme.app */ = {isa = PBXFileReference; explicitFileType = wrapper.application; includeInIndex = 0; path = meme.app; sourceTree = BUILT_PRODUCTS_DIR; };
		7418F1551B63172000C3BB4C /* Info.plist */ = {isa = PBXFileReference; lastKnownFileType = text.plist.xml; path = Info.plist; sourceTree = "<group>"; };
		7418F1561B63172000C3BB4C /* AppDelegate.swift */ = {isa = PBXFileReference; lastKnownFileType = sourcecode.swift; path = AppDelegate.swift; sourceTree = "<group>"; };
		7418F1581B63172000C3BB4C /* ViewController.swift */ = {isa = PBXFileReference; lastKnownFileType = sourcecode.swift; path = ViewController.swift; sourceTree = "<group>"; };
		7418F15B1B63172000C3BB4C /* Base */ = {isa = PBXFileReference; lastKnownFileType = file.storyboard; name = Base; path = Base.lproj/Main.storyboard; sourceTree = "<group>"; };
		7418F15D1B63172000C3BB4C /* Images.xcassets */ = {isa = PBXFileReference; lastKnownFileType = folder.assetcatalog; path = Images.xcassets; sourceTree = "<group>"; };
		7418F1601B63172000C3BB4C /* Base */ = {isa = PBXFileReference; lastKnownFileType = file.xib; name = Base; path = Base.lproj/LaunchScreen.xib; sourceTree = "<group>"; };
		7418F1661B63172000C3BB4C /* memeTests.xctest */ = {isa = PBXFileReference; explicitFileType = wrapper.cfbundle; includeInIndex = 0; path = memeTests.xctest; sourceTree = BUILT_PRODUCTS_DIR; };
		7418F16B1B63172000C3BB4C /* Info.plist */ = {isa = PBXFileReference; lastKnownFileType = text.plist.xml; path = Info.plist; sourceTree = "<group>"; };
		7418F16C1B63172000C3BB4C /* memeTests.swift */ = {isa = PBXFileReference; lastKnownFileType = sourcecode.swift; path = memeTests.swift; sourceTree = "<group>"; };
		7418F1761B63176800C3BB4C /* MEMELib.framework */ = {isa = PBXFileReference; lastKnownFileType = wrapper.framework; path = MEMELib.framework; sourceTree = "<group>"; };
		7418F17A1B63181700C3BB4C /* meme-Bridging-Header.h */ = {isa = PBXFileReference; lastKnownFileType = sourcecode.c.h; path = "meme-Bridging-Header.h"; sourceTree = "<group>"; };
		FCD679F356D7811B515D5045 /* Pods-meme.debug.xcconfig */ = {isa = PBXFileReference; includeInIndex = 1; lastKnownFileType = text.xcconfig; name = "Pods-meme.debug.xcconfig"; path = "Pods/Target Support Files/Pods-meme/Pods-meme.debug.xcconfig"; sourceTree = "<group>"; };
/* End PBXFileReference section */

/* Begin PBXFrameworksBuildPhase section */
		7418F14E1B63172000C3BB4C /* Frameworks */ = {
			isa = PBXFrameworksBuildPhase;
			buildActionMask = 2147483647;
			files = (
				7418F1771B63176800C3BB4C /* MEMELib.framework in Frameworks */,
				92423DD1F75CAEB24E7CC572 /* Pods_meme.framework in Frameworks */,
			);
			runOnlyForDeploymentPostprocessing = 0;
		};
		7418F1631B63172000C3BB4C /* Frameworks */ = {
			isa = PBXFrameworksBuildPhase;
			buildActionMask = 2147483647;
			files = (
			);
			runOnlyForDeploymentPostprocessing = 0;
		};
/* End PBXFrameworksBuildPhase section */

/* Begin PBXGroup section */
		7418F1481B63172000C3BB4C = {
			isa = PBXGroup;
			children = (
				7418F1531B63172000C3BB4C /* meme */,
				7418F1691B63172000C3BB4C /* memeTests */,
				7418F1521B63172000C3BB4C /* Products */,
				9A51E955364653E674177812 /* Pods */,
				965E1E8FA83840AEC95CB79E /* Frameworks */,
			);
			sourceTree = "<group>";
		};
		7418F1521B63172000C3BB4C /* Products */ = {
			isa = PBXGroup;
			children = (
				7418F1511B63172000C3BB4C /* meme.app */,
				7418F1661B63172000C3BB4C /* memeTests.xctest */,
			);
			name = Products;
			sourceTree = "<group>";
		};
		7418F1531B63172000C3BB4C /* meme */ = {
			isa = PBXGroup;
			children = (
				7418F1561B63172000C3BB4C /* AppDelegate.swift */,
				7418F1581B63172000C3BB4C /* ViewController.swift */,
				7418F15A1B63172000C3BB4C /* Main.storyboard */,
				7418F15D1B63172000C3BB4C /* Images.xcassets */,
				7418F15F1B63172000C3BB4C /* LaunchScreen.xib */,
				7418F1761B63176800C3BB4C /* MEMELib.framework */,
				7418F1541B63172000C3BB4C /* Supporting Files */,
			);
			path = meme;
			sourceTree = "<group>";
		};
		7418F1541B63172000C3BB4C /* Supporting Files */ = {
			isa = PBXGroup;
			children = (
				7418F1551B63172000C3BB4C /* Info.plist */,
				7418F17A1B63181700C3BB4C /* meme-Bridging-Header.h */,
			);
			name = "Supporting Files";
			sourceTree = "<group>";
		};
		7418F1691B63172000C3BB4C /* memeTests */ = {
			isa = PBXGroup;
			children = (
				7418F16C1B63172000C3BB4C /* memeTests.swift */,
				7418F16A1B63172000C3BB4C /* Supporting Files */,
			);
			path = memeTests;
			sourceTree = "<group>";
		};
		7418F16A1B63172000C3BB4C /* Supporting Files */ = {
			isa = PBXGroup;
			children = (
				7418F16B1B63172000C3BB4C /* Info.plist */,
			);
			name = "Supporting Files";
			sourceTree = "<group>";
		};
		965E1E8FA83840AEC95CB79E /* Frameworks */ = {
			isa = PBXGroup;
			children = (
				06ADA91CA8D5198E3931BF74 /* Pods_meme.framework */,
			);
			name = Frameworks;
			sourceTree = "<group>";
		};
		9A51E955364653E674177812 /* Pods */ = {
			isa = PBXGroup;
			children = (
				FCD679F356D7811B515D5045 /* Pods-meme.debug.xcconfig */,
				487C41C26010B094D1D8DD02 /* Pods-meme.release.xcconfig */,
			);
			name = Pods;
			sourceTree = "<group>";
		};
/* End PBXGroup section */

/* Begin PBXNativeTarget section */
		7418F1501B63172000C3BB4C /* meme */ = {
			isa = PBXNativeTarget;
			buildConfigurationList = 7418F1701B63172000C3BB4C /* Build configuration list for PBXNativeTarget "meme" */;
			buildPhases = (
				90C609E7EE52CF6FC2AF9724 /* Check Pods Manifest.lock */,
				7418F14D1B63172000C3BB4C /* Sources */,
				7418F14E1B63172000C3BB4C /* Frameworks */,
				7418F14F1B63172000C3BB4C /* Resources */,
				7418F1781B63178D00C3BB4C /* CopyFiles */,
				78552688AB2CD50544974373 /* Embed Pods Frameworks */,
				3B8074DAB2574ADCA21881FA /* Copy Pods Resources */,
			);
			buildRules = (
			);
			dependencies = (
			);
			name = meme;
			productName = meme;
			productReference = 7418F1511B63172000C3BB4C /* meme.app */;
			productType = "com.apple.product-type.application";
		};
		7418F1651B63172000C3BB4C /* memeTests */ = {
			isa = PBXNativeTarget;
			buildConfigurationList = 7418F1731B63172000C3BB4C /* Build configuration list for PBXNativeTarget "memeTests" */;
			buildPhases = (
				7418F1621B63172000C3BB4C /* Sources */,
				7418F1631B63172000C3BB4C /* Frameworks */,
				7418F1641B63172000C3BB4C /* Resources */,
			);
			buildRules = (
			);
			dependencies = (
				7418F1681B63172000C3BB4C /* PBXTargetDependency */,
			);
			name = memeTests;
			productName = memeTests;
			productReference = 7418F1661B63172000C3BB4C /* memeTests.xctest */;
			productType = "com.apple.product-type.bundle.unit-test";
		};
/* End PBXNativeTarget section */

/* Begin PBXProject section */
		7418F1491B63172000C3BB4C /* Project object */ = {
			isa = PBXProject;
			attributes = {
				LastUpgradeCheck = 0640;
				ORGANIZATIONNAME = "Satoshi Ebisawa";
				TargetAttributes = {
					7418F1501B63172000C3BB4C = {
						CreatedOnToolsVersion = 6.4;
						SystemCapabilities = {
							com.apple.BackgroundModes = {
								enabled = 1;
							};
						};
					};
					7418F1651B63172000C3BB4C = {
						CreatedOnToolsVersion = 6.4;
						TestTargetID = 7418F1501B63172000C3BB4C;
					};
				};
			};
			buildConfigurationList = 7418F14C1B63172000C3BB4C /* Build configuration list for PBXProject "meme" */;
			compatibilityVersion = "Xcode 3.2";
			developmentRegion = English;
			hasScannedForEncodings = 0;
			knownRegions = (
				en,
				Base,
			);
			mainGroup = 7418F1481B63172000C3BB4C;
			productRefGroup = 7418F1521B63172000C3BB4C /* Products */;
			projectDirPath = "";
			projectRoot = "";
			targets = (
				7418F1501B63172000C3BB4C /* meme */,
				7418F1651B63172000C3BB4C /* memeTests */,
			);
		};
/* End PBXProject section */

/* Begin PBXResourcesBuildPhase section */
		7418F14F1B63172000C3BB4C /* Resources */ = {
			isa = PBXResourcesBuildPhase;
			buildActionMask = 2147483647;
			files = (
				7418F15C1B63172000C3BB4C /* Main.storyboard in Resources */,
				7418F1611B63172000C3BB4C /* LaunchScreen.xib in Resources */,
				7418F15E1B63172000C3BB4C /* Images.xcassets in Resources */,
			);
			runOnlyForDeploymentPostprocessing = 0;
		};
		7418F1641B63172000C3BB4C /* Resources */ = {
			isa = PBXResourcesBuildPhase;
			buildActionMask = 2147483647;
			files = (
			);
			runOnlyForDeploymentPostprocessing = 0;
		};
/* End PBXResourcesBuildPhase section */

/* Begin PBXShellScriptBuildPhase section */
		3B8074DAB2574ADCA21881FA /* Copy Pods Resources */ = {
			isa = PBXShellScriptBuildPhase;
			buildActionMask = 2147483647;
			files = (
			);
			inputPaths = (
			);
			name = "Copy Pods Resources";
			outputPaths = (
			);
			runOnlyForDeploymentPostprocessing = 0;
			shellPath = /bin/sh;
			shellScript = "\"${SRCROOT}/Pods/Target Support Files/Pods-meme/Pods-meme-resources.sh\"\n";
			showEnvVarsInLog = 0;
		};
		78552688AB2CD50544974373 /* Embed Pods Frameworks */ = {
			isa = PBXShellScriptBuildPhase;
			buildActionMask = 2147483647;
			files = (
			);
			inputPaths = (
			);
			name = "Embed Pods Frameworks";
			outputPaths = (
			);
			runOnlyForDeploymentPostprocessing = 0;
			shellPath = /bin/sh;
			shellScript = "\"${SRCROOT}/Pods/Target Support Files/Pods-meme/Pods-meme-frameworks.sh\"\n";
			showEnvVarsInLog = 0;
		};
		90C609E7EE52CF6FC2AF9724 /* Check Pods Manifest.lock */ = {
			isa = PBXShellScriptBuildPhase;
			buildActionMask = 2147483647;
			files = (
			);
			inputPaths = (
			);
			name = "Check Pods Manifest.lock";
			outputPaths = (
			);
			runOnlyForDeploymentPostprocessing = 0;
			shellPath = /bin/sh;
			shellScript = "diff \"${PODS_ROOT}/../Podfile.lock\" \"${PODS_ROOT}/Manifest.lock\" > /dev/null\nif [[ $? != 0 ]] ; then\n    cat << EOM\nerror: The sandbox is not in sync with the Podfile.lock. Run 'pod install' or update your CocoaPods installation.\nEOM\n    exit 1\nfi\n";
			showEnvVarsInLog = 0;
		};
/* End PBXShellScriptBuildPhase section */

/* Begin PBXSourcesBuildPhase section */
		7418F14D1B63172000C3BB4C /* Sources */ = {
			isa = PBXSourcesBuildPhase;
			buildActionMask = 2147483647;
			files = (
				7418F1591B63172000C3BB4C /* ViewController.swift in Sources */,
				7418F1571B63172000C3BB4C /* AppDelegate.swift in Sources */,
			);
			runOnlyForDeploymentPostprocessing = 0;
		};
		7418F1621B63172000C3BB4C /* Sources */ = {
			isa = PBXSourcesBuildPhase;
			buildActionMask = 2147483647;
			files = (
				7418F16D1B63172000C3BB4C /* memeTests.swift in Sources */,
			);
			runOnlyForDeploymentPostprocessing = 0;
		};
/* End PBXSourcesBuildPhase section */

/* Begin PBXTargetDependency section */
		7418F1681B63172000C3BB4C /* PBXTargetDependency */ = {
			isa = PBXTargetDependency;
			target = 7418F1501B63172000C3BB4C /* meme */;
			targetProxy = 7418F1671B63172000C3BB4C /* PBXContainerItemProxy */;
		};
/* End PBXTargetDependency section */

/* Begin PBXVariantGroup section */
		7418F15A1B63172000C3BB4C /* Main.storyboard */ = {
			isa = PBXVariantGroup;
			children = (
				7418F15B1B63172000C3BB4C /* Base */,
			);
			name = Main.storyboard;
			sourceTree = "<group>";
		};
		7418F15F1B63172000C3BB4C /* LaunchScreen.xib */ = {
			isa = PBXVariantGroup;
			children = (
				7418F1601B63172000C3BB4C /* Base */,
			);
			name = LaunchScreen.xib;
			sourceTree = "<group>";
		};
/* End PBXVariantGroup section */

/* Begin XCBuildConfiguration section */
		7418F16E1B63172000C3BB4C /* Debug */ = {
			isa = XCBuildConfiguration;
			buildSettings = {
				ALWAYS_SEARCH_USER_PATHS = NO;
				CLANG_CXX_LANGUAGE_STANDARD = "gnu++0x";
				CLANG_CXX_LIBRARY = "libc++";
				CLANG_ENABLE_MODULES = YES;
				CLANG_ENABLE_OBJC_ARC = YES;
				CLANG_WARN_BOOL_CONVERSION = YES;
				CLANG_WARN_CONSTANT_CONVERSION = YES;
				CLANG_WARN_DIRECT_OBJC_ISA_USAGE = YES_ERROR;
				CLANG_WARN_EMPTY_BODY = YES;
				CLANG_WARN_ENUM_CONVERSION = YES;
				CLANG_WARN_INT_CONVERSION = YES;
				CLANG_WARN_OBJC_ROOT_CLASS = YES_ERROR;
				CLANG_WARN_UNREACHABLE_CODE = YES;
				CLANG_WARN__DUPLICATE_METHOD_MATCH = YES;
				"CODE_SIGN_IDENTITY[sdk=iphoneos*]" = "iPhone Developer";
				COPY_PHASE_STRIP = NO;
				DEBUG_INFORMATION_FORMAT = "dwarf-with-dsym";
				ENABLE_STRICT_OBJC_MSGSEND = YES;
				GCC_C_LANGUAGE_STANDARD = gnu99;
				GCC_DYNAMIC_NO_PIC = NO;
				GCC_NO_COMMON_BLOCKS = YES;
				GCC_OPTIMIZATION_LEVEL = 0;
				GCC_PREPROCESSOR_DEFINITIONS = (
					"DEBUG=1",
					"$(inherited)",
				);
				GCC_SYMBOLS_PRIVATE_EXTERN = NO;
				GCC_WARN_64_TO_32_BIT_CONVERSION = YES;
				GCC_WARN_ABOUT_RETURN_TYPE = YES_ERROR;
				GCC_WARN_UNDECLARED_SELECTOR = YES;
				GCC_WARN_UNINITIALIZED_AUTOS = YES_AGGRESSIVE;
				GCC_WARN_UNUSED_FUNCTION = YES;
				GCC_WARN_UNUSED_VARIABLE = YES;
				IPHONEOS_DEPLOYMENT_TARGET = 8.4;
				MTL_ENABLE_DEBUG_INFO = YES;
				ONLY_ACTIVE_ARCH = YES;
				SDKROOT = iphoneos;
				SWIFT_OPTIMIZATION_LEVEL = "-Onone";
				TARGETED_DEVICE_FAMILY = "1,2";
			};
			name = Debug;
		};
		7418F16F1B63172000C3BB4C /* Release */ = {
			isa = XCBuildConfiguration;
			buildSettings = {
				ALWAYS_SEARCH_USER_PATHS = NO;
				CLANG_CXX_LANGUAGE_STANDARD = "gnu++0x";
				CLANG_CXX_LIBRARY = "libc++";
				CLANG_ENABLE_MODULES = YES;
				CLANG_ENABLE_OBJC_ARC = YES;
				CLANG_WARN_BOOL_CONVERSION = YES;
				CLANG_WARN_CONSTANT_CONVERSION = YES;
				CLANG_WARN_DIRECT_OBJC_ISA_USAGE = YES_ERROR;
				CLANG_WARN_EMPTY_BODY = YES;
				CLANG_WARN_ENUM_CONVERSION = YES;
				CLANG_WARN_INT_CONVERSION = YES;
				CLANG_WARN_OBJC_ROOT_CLASS = YES_ERROR;
				CLANG_WARN_UNREACHABLE_CODE = YES;
				CLANG_WARN__DUPLICATE_METHOD_MATCH = YES;
				"CODE_SIGN_IDENTITY[sdk=iphoneos*]" = "iPhone Developer";
				COPY_PHASE_STRIP = NO;
				DEBUG_INFORMATION_FORMAT = "dwarf-with-dsym";
				ENABLE_NS_ASSERTIONS = NO;
				ENABLE_STRICT_OBJC_MSGSEND = YES;
				GCC_C_LANGUAGE_STANDARD = gnu99;
				GCC_NO_COMMON_BLOCKS = YES;
				GCC_WARN_64_TO_32_BIT_CONVERSION = YES;
				GCC_WARN_ABOUT_RETURN_TYPE = YES_ERROR;
				GCC_WARN_UNDECLARED_SELECTOR = YES;
				GCC_WARN_UNINITIALIZED_AUTOS = YES_AGGRESSIVE;
				GCC_WARN_UNUSED_FUNCTION = YES;
				GCC_WARN_UNUSED_VARIABLE = YES;
				IPHONEOS_DEPLOYMENT_TARGET = 8.4;
				MTL_ENABLE_DEBUG_INFO = NO;
				SDKROOT = iphoneos;
				TARGETED_DEVICE_FAMILY = "1,2";
				VALIDATE_PRODUCT = YES;
			};
			name = Release;
		};
		7418F1711B63172000C3BB4C /* Debug */ = {
			isa = XCBuildConfiguration;
			baseConfigurationReference = FCD679F356D7811B515D5045 /* Pods-meme.debug.xcconfig */;
			buildSettings = {
				ASSETCATALOG_COMPILER_APPICON_NAME = AppIcon;
				FRAMEWORK_SEARCH_PATHS = (
					"$(inherited)",
					"$(PROJECT_DIR)/meme",
				);
				INFOPLIST_FILE = meme/Info.plist;
				LD_RUNPATH_SEARCH_PATHS = "$(inherited) @loader_path/../Frameworks/ @executable_path/Frameworks";
				PRODUCT_NAME = "$(TARGET_NAME)";
				SWIFT_OBJC_BRIDGING_HEADER = "meme/meme-Bridging-Header.h";
			};
			name = Debug;
		};
		7418F1721B63172000C3BB4C /* Release */ = {
			isa = XCBuildConfiguration;
			baseConfigurationReference = 487C41C26010B094D1D8DD02 /* Pods-meme.release.xcconfig */;
			buildSettings = {
				ASSETCATALOG_COMPILER_APPICON_NAME = AppIcon;
				FRAMEWORK_SEARCH_PATHS = (
					"$(inherited)",
					"$(PROJECT_DIR)/meme",
				);
				INFOPLIST_FILE = meme/Info.plist;
				LD_RUNPATH_SEARCH_PATHS = "$(inherited) @loader_path/../Frameworks/ @executable_path/Frameworks";
				PRODUCT_NAME = "$(TARGET_NAME)";
				SWIFT_OBJC_BRIDGING_HEADER = "meme/meme-Bridging-Header.h";
			};
			name = Release;
		};
		7418F1741B63172000C3BB4C /* Debug */ = {
			isa = XCBuildConfiguration;
			buildSettings = {
				BUNDLE_LOADER = "$(TEST_HOST)";
				FRAMEWORK_SEARCH_PATHS = (
					"$(SDKROOT)/Developer/Library/Frameworks",
					"$(inherited)",
				);
				GCC_PREPROCESSOR_DEFINITIONS = (
					"DEBUG=1",
					"$(inherited)",
				);
				INFOPLIST_FILE = memeTests/Info.plist;
				LD_RUNPATH_SEARCH_PATHS = "$(inherited) @executable_path/Frameworks @loader_path/Frameworks";
				PRODUCT_NAME = "$(TARGET_NAME)";
				TEST_HOST = "$(BUILT_PRODUCTS_DIR)/meme.app/meme";
			};
			name = Debug;
		};
		7418F1751B63172000C3BB4C /* Release */ = {
			isa = XCBuildConfiguration;
			buildSettings = {
				BUNDLE_LOADER = "$(TEST_HOST)";
				FRAMEWORK_SEARCH_PATHS = (
					"$(SDKROOT)/Developer/Library/Frameworks",
					"$(inherited)",
				);
				INFOPLIST_FILE = memeTests/Info.plist;
				LD_RUNPATH_SEARCH_PATHS = "$(inherited) @executable_path/Frameworks @loader_path/Frameworks";
				PRODUCT_NAME = "$(TARGET_NAME)";
				TEST_HOST = "$(BUILT_PRODUCTS_DIR)/meme.app/meme";
			};
			name = Release;
		};
/* End XCBuildConfiguration section */

/* Begin XCConfigurationList section */
		7418F14C1B63172000C3BB4C /* Build configuration list for PBXProject "meme" */ = {
			isa = XCConfigurationList;
			buildConfigurations = (
				7418F16E1B63172000C3BB4C /* Debug */,
				7418F16F1B63172000C3BB4C /* Release */,
			);
			defaultConfigurationIsVisible = 0;
			defaultConfigurationName = Release;
		};
		7418F1701B63172000C3BB4C /* Build configuration list for PBXNativeTarget "meme" */ = {
			isa = XCConfigurationList;
			buildConfigurations = (
				7418F1711B63172000C3BB4C /* Debug */,
				7418F1721B63172000C3BB4C /* Release */,
			);
			defaultConfigurationIsVisible = 0;
			defaultConfigurationName = Release;
		};
		7418F1731B63172000C3BB4C /* Build configuration list for PBXNativeTarget "memeTests" */ = {
			isa = XCConfigurationList;
			buildConfigurations = (
				7418F1741B63172000C3BB4C /* Debug */,
				7418F1751B63172000C3BB4C /* Release */,
			);
			defaultConfigurationIsVisible = 0;
			defaultConfigurationName = Release;
		};
/* End XCConfigurationList section */
	};
	rootObject = 7418F1491B63172000C3BB4C /* Project object */;
}
